
Microsoft Visual Studio Solution File, Format Version 12.00
Project("{FAE04EC0-301F-11D3-BF4B-00C04F79EFBC}") = "DesignPatterns", "DesignPatterns.csproj", "{713B8C2F-C7C1-4E2C-8395-EA5DF07C2576}"
EndProject
Global
	GlobalSection(SolutionConfigurationPlatforms) = preSolution
		Debug|Any CPU = Debug|Any CPU
		Release|Any CPU = Release|Any CPU
	EndGlobalSection
	GlobalSection(ProjectConfigurationPlatforms) = postSolution
		{713B8C2F-C7C1-4E2C-8395-EA5DF07C2576}.Debug|Any CPU.ActiveCfg = Debug|Any CPU
		{713B8C2F-C7C1-4E2C-8395-EA5DF07C2576}.Debug|Any CPU.Build.0 = Debug|Any CPU
		{713B8C2F-C7C1-4E2C-8395-EA5DF07C2576}.Release|Any CPU.ActiveCfg = Release|Any CPU
		{713B8C2F-C7C1-4E2C-8395-EA5DF07C2576}.Release|Any CPU.Build.0 = Release|Any CPU
	EndGlobalSection
EndGlobal
